
Microsoft Visual Studio Solution File, Format Version 10.00
# Visual C++ Express 2008
Project("{8BC9CEB8-8B4A-11D0-8D11-00A0C91BC942}") = "TDah Example", "TDah Example.vcproj", "{46ABA974-0A9A-4DD8-A441-C8E61A5CB752}"
	ProjectSection(ProjectDependencies) = postProject
		{E4D90D18-F104-4433-95EF-A2841D4F6116} = {E4D90D18-F104-4433-95EF-A2841D4F6116}
	EndProjectSection
EndProject
Project("{8BC9CEB8-8B4A-11D0-8D11-00A0C91BC942}") = "tdah", "..\..\..\build\vs2k8\Library.vcproj", "{E4D90D18-F104-4433-95EF-A2841D4F6116}"
EndProject
Project("{8BC9CEB8-8B4A-11D0-8D11-00A0C91BC942}") = "VideoCaptureMe3", "..\..\..\build\vs2k8\VideoCaptureMe3.vcproj", "{73DF9660-E965-477E-B278-184D640F2796}"
	ProjectSection(ProjectDependencies) = postProject
		{E4D90D18-F104-4433-95EF-A2841D4F6116} = {E4D90D18-F104-4433-95EF-A2841D4F6116}
	EndProjectSection
EndProject
Global
	GlobalSection(SolutionConfigurationPlatforms) = preSolution
		Debug|Win32 = Debug|Win32
		Release|Win32 = Release|Win32
	EndGlobalSection
	GlobalSection(ProjectConfigurationPlatforms) = postSolution
		{46ABA974-0A9A-4DD8-A441-C8E61A5CB752}.Debug|Win32.ActiveCfg = Debug|Win32
		{46ABA974-0A9A-4DD8-A441-C8E61A5CB752}.Debug|Win32.Build.0 = Debug|Win32
		{46ABA974-0A9A-4DD8-A441-C8E61A5CB752}.Release|Win32.ActiveCfg = Release|Win32
		{46ABA974-0A9A-4DD8-A441-C8E61A5CB752}.Release|Win32.Build.0 = Release|Win32
		{E4D90D18-F104-4433-95EF-A2841D4F6116}.Debug|Win32.ActiveCfg = Debug|Win32
		{E4D90D18-F104-4433-95EF-A2841D4F6116}.Debug|Win32.Build.0 = Debug|Win32
		{E4D90D18-F104-4433-95EF-A2841D4F6116}.Release|Win32.ActiveCfg = Release|Win32
		{E4D90D18-F104-4433-95EF-A2841D4F6116}.Release|Win32.Build.0 = Release|Win32
		{73DF9660-E965-477E-B278-184D640F2796}.Debug|Win32.ActiveCfg = Debug|Win32
		{73DF9660-E965-477E-B278-184D640F2796}.Debug|Win32.Build.0 = Debug|Win32
		{73DF9660-E965-477E-B278-184D640F2796}.Release|Win32.ActiveCfg = Release|Win32
		{73DF9660-E965-477E-B278-184D640F2796}.Release|Win32.Build.0 = Release|Win32
	EndGlobalSection
	GlobalSection(SolutionProperties) = preSolution
		HideSolutionNode = FALSE
	EndGlobalSection
EndGlobal
