
Microsoft Visual Studio Solution File, Format Version 10.00
# Visual C++ Express 2008
Project("{8BC9CEB8-8B4A-11D0-8D11-00A0C91BC942}") = "CommTest", "CommTest.vcproj", "{0FDB2B0B-501E-47B9-A22F-005A6516EE29}"
EndProject
Global
	GlobalSection(SolutionConfigurationPlatforms) = preSolution
		Debug|Win32 = Debug|Win32
		Release|Win32 = Release|Win32
	EndGlobalSection
	GlobalSection(ProjectConfigurationPlatforms) = postSolution
		{0FDB2B0B-501E-47B9-A22F-005A6516EE29}.Debug|Win32.ActiveCfg = Debug|Win32
		{0FDB2B0B-501E-47B9-A22F-005A6516EE29}.Debug|Win32.Build.0 = Debug|Win32
		{0FDB2B0B-501E-47B9-A22F-005A6516EE29}.Release|Win32.ActiveCfg = Release|Win32
		{0FDB2B0B-501E-47B9-A22F-005A6516EE29}.Release|Win32.Build.0 = Release|Win32
	EndGlobalSection
	GlobalSection(SolutionProperties) = preSolution
		HideSolutionNode = FALSE
	EndGlobalSection
EndGlobal
