
Microsoft Visual Studio Solution File, Format Version 10.00
# Visual C++ Express 2008
Project("{8BC9CEB8-8B4A-11D0-8D11-00A0C91BC942}") = "ClientSocket", "WinSockets.vcproj", "{E29D680F-6D96-4DE1-AEE0-628026F53328}"
EndProject
Project("{8BC9CEB8-8B4A-11D0-8D11-00A0C91BC942}") = "ServerSocket", "..\Server\Server.vcproj", "{32466A50-9C09-47A0-B640-E706CC25209B}"
EndProject
Global
	GlobalSection(SolutionConfigurationPlatforms) = preSolution
		Debug|Win32 = Debug|Win32
		Release|Win32 = Release|Win32
	EndGlobalSection
	GlobalSection(ProjectConfigurationPlatforms) = postSolution
		{E29D680F-6D96-4DE1-AEE0-628026F53328}.Debug|Win32.ActiveCfg = Debug|Win32
		{E29D680F-6D96-4DE1-AEE0-628026F53328}.Debug|Win32.Build.0 = Debug|Win32
		{E29D680F-6D96-4DE1-AEE0-628026F53328}.Release|Win32.ActiveCfg = Release|Win32
		{E29D680F-6D96-4DE1-AEE0-628026F53328}.Release|Win32.Build.0 = Release|Win32
		{32466A50-9C09-47A0-B640-E706CC25209B}.Debug|Win32.ActiveCfg = Debug|Win32
		{32466A50-9C09-47A0-B640-E706CC25209B}.Debug|Win32.Build.0 = Debug|Win32
		{32466A50-9C09-47A0-B640-E706CC25209B}.Release|Win32.ActiveCfg = Release|Win32
		{32466A50-9C09-47A0-B640-E706CC25209B}.Release|Win32.Build.0 = Release|Win32
	EndGlobalSection
	GlobalSection(SolutionProperties) = preSolution
		HideSolutionNode = FALSE
	EndGlobalSection
EndGlobal
