
Microsoft Visual Studio Solution File, Format Version 10.00
# Visual C++ Express 2008
Project("{8BC9CEB8-8B4A-11D0-8D11-00A0C91BC942}") = "IntrinsicParameters", "OpenCVCalib.vcproj", "{68491B37-E283-4ABD-A9B7-D9EA2C4A779F}"
EndProject
Project("{8BC9CEB8-8B4A-11D0-8D11-00A0C91BC942}") = "ViewUndistortedImage", "ViewUndistortedImage\ViewUndistortedImage.vcproj", "{325A0ADB-28B6-4A0E-8896-08371FA5A7AB}"
EndProject
Project("{8BC9CEB8-8B4A-11D0-8D11-00A0C91BC942}") = "ExtrinsicParameters", "ExtrinsicParameters\ExtrinsicParameters.vcproj", "{30F13A2D-A77D-453D-9F34-F2E56035A74E}"
EndProject
Global
	GlobalSection(SolutionConfigurationPlatforms) = preSolution
		Debug|Win32 = Debug|Win32
		Release|Win32 = Release|Win32
	EndGlobalSection
	GlobalSection(ProjectConfigurationPlatforms) = postSolution
		{68491B37-E283-4ABD-A9B7-D9EA2C4A779F}.Debug|Win32.ActiveCfg = Debug|Win32
		{68491B37-E283-4ABD-A9B7-D9EA2C4A779F}.Debug|Win32.Build.0 = Debug|Win32
		{68491B37-E283-4ABD-A9B7-D9EA2C4A779F}.Release|Win32.ActiveCfg = Release|Win32
		{68491B37-E283-4ABD-A9B7-D9EA2C4A779F}.Release|Win32.Build.0 = Release|Win32
		{325A0ADB-28B6-4A0E-8896-08371FA5A7AB}.Debug|Win32.ActiveCfg = Debug|Win32
		{325A0ADB-28B6-4A0E-8896-08371FA5A7AB}.Debug|Win32.Build.0 = Debug|Win32
		{325A0ADB-28B6-4A0E-8896-08371FA5A7AB}.Release|Win32.ActiveCfg = Release|Win32
		{325A0ADB-28B6-4A0E-8896-08371FA5A7AB}.Release|Win32.Build.0 = Release|Win32
		{30F13A2D-A77D-453D-9F34-F2E56035A74E}.Debug|Win32.ActiveCfg = Debug|Win32
		{30F13A2D-A77D-453D-9F34-F2E56035A74E}.Debug|Win32.Build.0 = Debug|Win32
		{30F13A2D-A77D-453D-9F34-F2E56035A74E}.Release|Win32.ActiveCfg = Release|Win32
		{30F13A2D-A77D-453D-9F34-F2E56035A74E}.Release|Win32.Build.0 = Release|Win32
	EndGlobalSection
	GlobalSection(SolutionProperties) = preSolution
		HideSolutionNode = FALSE
	EndGlobalSection
EndGlobal
